
Microsoft Visual Studio Solution File, Format Version 12.00
# Visual Studio 14
VisualStudioVersion = 14.0.25123.0
MinimumVisualStudioVersion = 10.0.40219.1
Project("{5CF08D77-72F1-4C39-A57B-43DF1717C848}") = "Sitecore.Support.301460", "Sitecore.Support.301460\Sitecore.Support.301460.csproj", "{BFE7F9F1-739C-4594-A0D4-49243A0CDD04}"
EndProject
Global
	GlobalSection(SolutionConfigurationPlatforms) = preSolution
		Debug|Any CPU = Debug|Any CPU
		Release|Any CPU = Release|Any CPU
	EndGlobalSection
	GlobalSection(ProjectConfigurationPlatforms) = postSolution
		{BFE7F9F1-739C-4594-A0D4-49243A0CDD04}.Debug|Any CPU.ActiveCfg = Debug|Any CPU
		{BFE7F9F1-739C-4594-A0D4-49243A0CDD04}.Debug|Any CPU.Build.0 = Debug|Any CPU
		{BFE7F9F1-739C-4594-A0D4-49243A0CDD04}.Release|Any CPU.ActiveCfg = Release|Any CPU
		{BFE7F9F1-739C-4594-A0D4-49243A0CDD04}.Release|Any CPU.Build.0 = Release|Any CPU
	EndGlobalSection
	GlobalSection(SolutionProperties) = preSolution
		HideSolutionNode = FALSE
	EndGlobalSection
EndGlobal
